
Microsoft Visual Studio Solution File, Format Version 12.00
# Visual Studio 15
VisualStudioVersion = 15.0.27428.2037
MinimumVisualStudioVersion = 10.0.40219.1
Project("{8BC9CEB8-8B4A-11D0-8D11-00A0C91BC942}") = "GrimoireBuild", "Tools\GrimoireBuild\GrimoireBuild.vcxproj", "{60C311C4-15EF-475C-B628-F73D1017141E}"
	ProjectSection(ProjectDependencies) = postProject
		{52B7C8A3-8AE8-4A92-BBE2-19609E93D7A3} = {52B7C8A3-8AE8-4A92-BBE2-19609E93D7A3}
		{9FD7A9FD-942B-4B7B-8FA6-969F8172C796} = {9FD7A9FD-942B-4B7B-8FA6-969F8172C796}
	EndProjectSection
EndProject
Project("{8BC9CEB8-8B4A-11D0-8D11-00A0C91BC942}") = "Engine", "Engine\GrimoireEngine.vcxproj", "{C930B1E0-A367-4432-BD21-47261F5F0D35}"
	ProjectSection(ProjectDependencies) = postProject
		{52B7C8A3-8AE8-4A92-BBE2-19609E93D7A3} = {52B7C8A3-8AE8-4A92-BBE2-19609E93D7A3}
		{60C311C4-15EF-475C-B628-F73D1017141E} = {60C311C4-15EF-475C-B628-F73D1017141E}
		{9FD7A9FD-942B-4B7B-8FA6-969F8172C796} = {9FD7A9FD-942B-4B7B-8FA6-969F8172C796}
	EndProjectSection
EndProject
Project("{8BC9CEB8-8B4A-11D0-8D11-00A0C91BC942}") = "Generated", "Generated\Generated.vcxproj", "{9FD7A9FD-942B-4B7B-8FA6-969F8172C796}"
EndProject
Project("{2150E333-8FDC-42A3-9474-1A3956D46DE8}") = "Tools", "Tools", "{40DCB06F-7BD0-423C-836B-1FD998095F31}"
EndProject
Project("{2150E333-8FDC-42A3-9474-1A3956D46DE8}") = "Engine", "Engine", "{4EA03829-A2B0-43F7-B2D0-4D22624AD9C1}"
EndProject
Project("{2150E333-8FDC-42A3-9474-1A3956D46DE8}") = "Shared", "Shared", "{42412EEA-4788-4B2D-9824-B8886EDC5FD7}"
EndProject
Project("{8BC9CEB8-8B4A-11D0-8D11-00A0C91BC942}") = "Core", "Shared\Core\Core.vcxproj", "{52B7C8A3-8AE8-4A92-BBE2-19609E93D7A3}"
EndProject
Project("{8BC9CEB8-8B4A-11D0-8D11-00A0C91BC942}") = "Game", "Game\Game.vcxproj", "{A4B0F774-BF79-494F-B1EF-C7DC4EEFE93A}"
	ProjectSection(ProjectDependencies) = postProject
		{C930B1E0-A367-4432-BD21-47261F5F0D35} = {C930B1E0-A367-4432-BD21-47261F5F0D35}
	EndProjectSection
EndProject
Global
	GlobalSection(SolutionConfigurationPlatforms) = preSolution
		Debug|x64 = Debug|x64
		Debug|x86 = Debug|x86
		Release|x64 = Release|x64
		Release|x86 = Release|x86
	EndGlobalSection
	GlobalSection(ProjectConfigurationPlatforms) = postSolution
		{60C311C4-15EF-475C-B628-F73D1017141E}.Debug|x64.ActiveCfg = Debug|x64
		{60C311C4-15EF-475C-B628-F73D1017141E}.Debug|x64.Build.0 = Debug|x64
		{60C311C4-15EF-475C-B628-F73D1017141E}.Debug|x86.ActiveCfg = Debug|x64
		{60C311C4-15EF-475C-B628-F73D1017141E}.Release|x64.ActiveCfg = Release|x64
		{60C311C4-15EF-475C-B628-F73D1017141E}.Release|x64.Build.0 = Release|x64
		{60C311C4-15EF-475C-B628-F73D1017141E}.Release|x86.ActiveCfg = Release|x64
		{C930B1E0-A367-4432-BD21-47261F5F0D35}.Debug|x64.ActiveCfg = Debug|x64
		{C930B1E0-A367-4432-BD21-47261F5F0D35}.Debug|x64.Build.0 = Debug|x64
		{C930B1E0-A367-4432-BD21-47261F5F0D35}.Debug|x86.ActiveCfg = Debug|x64
		{C930B1E0-A367-4432-BD21-47261F5F0D35}.Release|x64.ActiveCfg = Release|x64
		{C930B1E0-A367-4432-BD21-47261F5F0D35}.Release|x64.Build.0 = Release|x64
		{C930B1E0-A367-4432-BD21-47261F5F0D35}.Release|x86.ActiveCfg = Release|x64
		{9FD7A9FD-942B-4B7B-8FA6-969F8172C796}.Debug|x64.ActiveCfg = Debug|x64
		{9FD7A9FD-942B-4B7B-8FA6-969F8172C796}.Debug|x64.Build.0 = Debug|x64
		{9FD7A9FD-942B-4B7B-8FA6-969F8172C796}.Debug|x86.ActiveCfg = Debug|Win32
		{9FD7A9FD-942B-4B7B-8FA6-969F8172C796}.Debug|x86.Build.0 = Debug|Win32
		{9FD7A9FD-942B-4B7B-8FA6-969F8172C796}.Release|x64.ActiveCfg = Release|x64
		{9FD7A9FD-942B-4B7B-8FA6-969F8172C796}.Release|x64.Build.0 = Release|x64
		{9FD7A9FD-942B-4B7B-8FA6-969F8172C796}.Release|x86.ActiveCfg = Release|Win32
		{9FD7A9FD-942B-4B7B-8FA6-969F8172C796}.Release|x86.Build.0 = Release|Win32
		{52B7C8A3-8AE8-4A92-BBE2-19609E93D7A3}.Debug|x64.ActiveCfg = Debug|x64
		{52B7C8A3-8AE8-4A92-BBE2-19609E93D7A3}.Debug|x64.Build.0 = Debug|x64
		{52B7C8A3-8AE8-4A92-BBE2-19609E93D7A3}.Debug|x86.ActiveCfg = Debug|Win32
		{52B7C8A3-8AE8-4A92-BBE2-19609E93D7A3}.Debug|x86.Build.0 = Debug|Win32
		{52B7C8A3-8AE8-4A92-BBE2-19609E93D7A3}.Release|x64.ActiveCfg = Release|x64
		{52B7C8A3-8AE8-4A92-BBE2-19609E93D7A3}.Release|x64.Build.0 = Release|x64
		{52B7C8A3-8AE8-4A92-BBE2-19609E93D7A3}.Release|x86.ActiveCfg = Release|Win32
		{52B7C8A3-8AE8-4A92-BBE2-19609E93D7A3}.Release|x86.Build.0 = Release|Win32
		{A4B0F774-BF79-494F-B1EF-C7DC4EEFE93A}.Debug|x64.ActiveCfg = Debug|x64
		{A4B0F774-BF79-494F-B1EF-C7DC4EEFE93A}.Debug|x64.Build.0 = Debug|x64
		{A4B0F774-BF79-494F-B1EF-C7DC4EEFE93A}.Debug|x86.ActiveCfg = Debug|Win32
		{A4B0F774-BF79-494F-B1EF-C7DC4EEFE93A}.Debug|x86.Build.0 = Debug|Win32
		{A4B0F774-BF79-494F-B1EF-C7DC4EEFE93A}.Release|x64.ActiveCfg = Release|x64
		{A4B0F774-BF79-494F-B1EF-C7DC4EEFE93A}.Release|x64.Build.0 = Release|x64
		{A4B0F774-BF79-494F-B1EF-C7DC4EEFE93A}.Release|x86.ActiveCfg = Release|Win32
		{A4B0F774-BF79-494F-B1EF-C7DC4EEFE93A}.Release|x86.Build.0 = Release|Win32
	EndGlobalSection
	GlobalSection(SolutionProperties) = preSolution
		HideSolutionNode = FALSE
	EndGlobalSection
	GlobalSection(NestedProjects) = preSolution
		{60C311C4-15EF-475C-B628-F73D1017141E} = {40DCB06F-7BD0-423C-836B-1FD998095F31}
		{C930B1E0-A367-4432-BD21-47261F5F0D35} = {4EA03829-A2B0-43F7-B2D0-4D22624AD9C1}
		{9FD7A9FD-942B-4B7B-8FA6-969F8172C796} = {42412EEA-4788-4B2D-9824-B8886EDC5FD7}
		{52B7C8A3-8AE8-4A92-BBE2-19609E93D7A3} = {42412EEA-4788-4B2D-9824-B8886EDC5FD7}
	EndGlobalSection
	GlobalSection(ExtensibilityGlobals) = postSolution
		SolutionGuid = {C285E067-67E0-47F7-AC78-A72943F3BF12}
	EndGlobalSection
EndGlobal
