<?xml version="1.0" encoding="utf-8"?>
<Project ToolsVersion="4.0" xmlns="http://schemas.microsoft.com/developer/msbuild/2003">
  <ItemGroup>
    <ClInclude Include="Assert.h" />
    <ClInclude Include="grimJson.h" />
    <ClInclude Include="grimLmdb.h" />
    <ClInclude Include="Uuid.h" />
    <ClInclude Include="..\Math\Geometry.h">
      <Filter>Math</Filter>
    </ClInclude>
    <ClInclude Include="..\Math\Math.h">
      <Filter>Math</Filter>
    </ClInclude>
    <ClInclude Include="..\Math\MathCommon.h">
      <Filter>Math</Filter>
    </ClInclude>
    <ClInclude Include="..\Math\Matrix.h">
      <Filter>Math</Filter>
    </ClInclude>
    <ClInclude Include="..\Math\Quaternion.h">
      <Filter>Math</Filter>
    </ClInclude>
    <ClInclude Include="..\Math\Vector.h">
      <Filter>Math</Filter>
    </ClInclude>
    <ClInclude Include="SizeAlign.h" />
    <ClInclude Include="Timer.h" />
  </ItemGroup>
  <ItemGroup>
    <ClCompile Include="Assert.cpp" />
    <ClCompile Include="grimJson.cpp" />
    <ClCompile Include="grimLmdb.cpp" />
    <ClCompile Include="..\lmdb\mdb.c" />
    <ClCompile Include="..\lmdb\midl.c" />
    <ClCompile Include="..\Math\Math.cpp">
      <Filter>Math</Filter>
    </ClCompile>
    <ClCompile Include="..\Math\Matrix.cpp">
      <Filter>Math</Filter>
    </ClCompile>
    <ClCompile Include="..\Math\Quaternion.cpp">
      <Filter>Math</Filter>
    </ClCompile>
    <ClCompile Include="..\Math\Vector.cpp">
      <Filter>Math</Filter>
    </ClCompile>
    <ClCompile Include="Timer.cpp" />
  </ItemGroup>
  <ItemGroup>
    <Filter Include="Math">
      <UniqueIdentifier>{02a63f11-bb50-4817-818e-748162011fb3}</UniqueIdentifier>
    </Filter>
  </ItemGroup>
</Project>